
Microsoft Visual Studio Solution File, Format Version 12.00
# Visual Studio 15
VisualStudioVersion = 15.0.28307.329
MinimumVisualStudioVersion = 10.0.40219.1
Project("{FAE04EC0-301F-11D3-BF4B-00C04F79EFBC}") = "AppChamaGas.Android", "AppChamaGas\AppChamaGas.Android\AppChamaGas.Android.csproj", "{B7B6E492-34A4-4244-BF56-04113D0FCF68}"
EndProject
Project("{FAE04EC0-301F-11D3-BF4B-00C04F79EFBC}") = "AppChamaGas.iOS", "AppChamaGas\AppChamaGas.iOS\AppChamaGas.iOS.csproj", "{280C54AB-8228-49A3-B494-9CACE2A52E6E}"
EndProject
Project("{FAE04EC0-301F-11D3-BF4B-00C04F79EFBC}") = "AppChamaGas.UWP", "AppChamaGas\AppChamaGas.UWP\AppChamaGas.UWP.csproj", "{D3AF9FB8-2C09-4B34-83CB-DE9737D108AA}"
EndProject
Project("{FAE04EC0-301F-11D3-BF4B-00C04F79EFBC}") = "AppChamaGas", "AppChamaGas\AppChamaGas\AppChamaGas.csproj", "{23D3CF24-51B2-4BBF-B995-CEEBB2C493E1}"
EndProject
Global
	GlobalSection(SolutionConfigurationPlatforms) = preSolution
		Ad-Hoc|Any CPU = Ad-Hoc|Any CPU
		Ad-Hoc|ARM = Ad-Hoc|ARM
		Ad-Hoc|iPhone = Ad-Hoc|iPhone
		Ad-Hoc|iPhoneSimulator = Ad-Hoc|iPhoneSimulator
		Ad-Hoc|x64 = Ad-Hoc|x64
		Ad-Hoc|x86 = Ad-Hoc|x86
		AppStore|Any CPU = AppStore|Any CPU
		AppStore|ARM = AppStore|ARM
		AppStore|iPhone = AppStore|iPhone
		AppStore|iPhoneSimulator = AppStore|iPhoneSimulator
		AppStore|x64 = AppStore|x64
		AppStore|x86 = AppStore|x86
		Debug|Any CPU = Debug|Any CPU
		Debug|ARM = Debug|ARM
		Debug|iPhone = Debug|iPhone
		Debug|iPhoneSimulator = Debug|iPhoneSimulator
		Debug|x64 = Debug|x64
		Debug|x86 = Debug|x86
		Release|Any CPU = Release|Any CPU
		Release|ARM = Release|ARM
		Release|iPhone = Release|iPhone
		Release|iPhoneSimulator = Release|iPhoneSimulator
		Release|x64 = Release|x64
		Release|x86 = Release|x86
	EndGlobalSection
	GlobalSection(ProjectConfigurationPlatforms) = postSolution
		{B7B6E492-34A4-4244-BF56-04113D0FCF68}.Ad-Hoc|Any CPU.ActiveCfg = Release|Any CPU
		{B7B6E492-34A4-4244-BF56-04113D0FCF68}.Ad-Hoc|Any CPU.Build.0 = Release|Any CPU
		{B7B6E492-34A4-4244-BF56-04113D0FCF68}.Ad-Hoc|Any CPU.Deploy.0 = Release|Any CPU
		{B7B6E492-34A4-4244-BF56-04113D0FCF68}.Ad-Hoc|ARM.ActiveCfg = Release|Any CPU
		{B7B6E492-34A4-4244-BF56-04113D0FCF68}.Ad-Hoc|ARM.Build.0 = Release|Any CPU
		{B7B6E492-34A4-4244-BF56-04113D0FCF68}.Ad-Hoc|ARM.Deploy.0 = Release|Any CPU
		{B7B6E492-34A4-4244-BF56-04113D0FCF68}.Ad-Hoc|iPhone.ActiveCfg = Release|Any CPU
		{B7B6E492-34A4-4244-BF56-04113D0FCF68}.Ad-Hoc|iPhone.Build.0 = Release|Any CPU
		{B7B6E492-34A4-4244-BF56-04113D0FCF68}.Ad-Hoc|iPhone.Deploy.0 = Release|Any CPU
		{B7B6E492-34A4-4244-BF56-04113D0FCF68}.Ad-Hoc|iPhoneSimulator.ActiveCfg = Release|Any CPU
		{B7B6E492-34A4-4244-BF56-04113D0FCF68}.Ad-Hoc|iPhoneSimulator.Build.0 = Release|Any CPU
		{B7B6E492-34A4-4244-BF56-04113D0FCF68}.Ad-Hoc|iPhoneSimulator.Deploy.0 = Release|Any CPU
		{B7B6E492-34A4-4244-BF56-04113D0FCF68}.Ad-Hoc|x64.ActiveCfg = Release|Any CPU
		{B7B6E492-34A4-4244-BF56-04113D0FCF68}.Ad-Hoc|x64.Build.0 = Release|Any CPU
		{B7B6E492-34A4-4244-BF56-04113D0FCF68}.Ad-Hoc|x64.Deploy.0 = Release|Any CPU
		{B7B6E492-34A4-4244-BF56-04113D0FCF68}.Ad-Hoc|x86.ActiveCfg = Release|Any CPU
		{B7B6E492-34A4-4244-BF56-04113D0FCF68}.Ad-Hoc|x86.Build.0 = Release|Any CPU
		{B7B6E492-34A4-4244-BF56-04113D0FCF68}.Ad-Hoc|x86.Deploy.0 = Release|Any CPU
		{B7B6E492-34A4-4244-BF56-04113D0FCF68}.AppStore|Any CPU.ActiveCfg = Release|Any CPU
		{B7B6E492-34A4-4244-BF56-04113D0FCF68}.AppStore|Any CPU.Build.0 = Release|Any CPU
		{B7B6E492-34A4-4244-BF56-04113D0FCF68}.AppStore|Any CPU.Deploy.0 = Release|Any CPU
		{B7B6E492-34A4-4244-BF56-04113D0FCF68}.AppStore|ARM.ActiveCfg = Release|Any CPU
		{B7B6E492-34A4-4244-BF56-04113D0FCF68}.AppStore|ARM.Build.0 = Release|Any CPU
		{B7B6E492-34A4-4244-BF56-04113D0FCF68}.AppStore|ARM.Deploy.0 = Release|Any CPU
		{B7B6E492-34A4-4244-BF56-04113D0FCF68}.AppStore|iPhone.ActiveCfg = Release|Any CPU
		{B7B6E492-34A4-4244-BF56-04113D0FCF68}.AppStore|iPhone.Build.0 = Release|Any CPU
		{B7B6E492-34A4-4244-BF56-04113D0FCF68}.AppStore|iPhone.Deploy.0 = Release|Any CPU
		{B7B6E492-34A4-4244-BF56-04113D0FCF68}.AppStore|iPhoneSimulator.ActiveCfg = Release|Any CPU
		{B7B6E492-34A4-4244-BF56-04113D0FCF68}.AppStore|iPhoneSimulator.Build.0 = Release|Any CPU
		{B7B6E492-34A4-4244-BF56-04113D0FCF68}.AppStore|iPhoneSimulator.Deploy.0 = Release|Any CPU
		{B7B6E492-34A4-4244-BF56-04113D0FCF68}.AppStore|x64.ActiveCfg = Release|Any CPU
		{B7B6E492-34A4-4244-BF56-04113D0FCF68}.AppStore|x64.Build.0 = Release|Any CPU
		{B7B6E492-34A4-4244-BF56-04113D0FCF68}.AppStore|x64.Deploy.0 = Release|Any CPU
		{B7B6E492-34A4-4244-BF56-04113D0FCF68}.AppStore|x86.ActiveCfg = Release|Any CPU
		{B7B6E492-34A4-4244-BF56-04113D0FCF68}.AppStore|x86.Build.0 = Release|Any CPU
		{B7B6E492-34A4-4244-BF56-04113D0FCF68}.AppStore|x86.Deploy.0 = Release|Any CPU
		{B7B6E492-34A4-4244-BF56-04113D0FCF68}.Debug|Any CPU.ActiveCfg = Debug|Any CPU
		{B7B6E492-34A4-4244-BF56-04113D0FCF68}.Debug|Any CPU.Build.0 = Debug|Any CPU
		{B7B6E492-34A4-4244-BF56-04113D0FCF68}.Debug|Any CPU.Deploy.0 = Debug|Any CPU
		{B7B6E492-34A4-4244-BF56-04113D0FCF68}.Debug|ARM.ActiveCfg = Debug|Any CPU
		{B7B6E492-34A4-4244-BF56-04113D0FCF68}.Debug|ARM.Build.0 = Debug|Any CPU
		{B7B6E492-34A4-4244-BF56-04113D0FCF68}.Debug|ARM.Deploy.0 = Debug|Any CPU
		{B7B6E492-34A4-4244-BF56-04113D0FCF68}.Debug|iPhone.ActiveCfg = Debug|Any CPU
		{B7B6E492-34A4-4244-BF56-04113D0FCF68}.Debug|iPhone.Build.0 = Debug|Any CPU
		{B7B6E492-34A4-4244-BF56-04113D0FCF68}.Debug|iPhone.Deploy.0 = Debug|Any CPU
		{B7B6E492-34A4-4244-BF56-04113D0FCF68}.Debug|iPhoneSimulator.ActiveCfg = Debug|Any CPU
		{B7B6E492-34A4-4244-BF56-04113D0FCF68}.Debug|iPhoneSimulator.Build.0 = Debug|Any CPU
		{B7B6E492-34A4-4244-BF56-04113D0FCF68}.Debug|iPhoneSimulator.Deploy.0 = Debug|Any CPU
		{B7B6E492-34A4-4244-BF56-04113D0FCF68}.Debug|x64.ActiveCfg = Debug|Any CPU
		{B7B6E492-34A4-4244-BF56-04113D0FCF68}.Debug|x64.Build.0 = Debug|Any CPU
		{B7B6E492-34A4-4244-BF56-04113D0FCF68}.Debug|x64.Deploy.0 = Debug|Any CPU
		{B7B6E492-34A4-4244-BF56-04113D0FCF68}.Debug|x86.ActiveCfg = Debug|Any CPU
		{B7B6E492-34A4-4244-BF56-04113D0FCF68}.Debug|x86.Build.0 = Debug|Any CPU
		{B7B6E492-34A4-4244-BF56-04113D0FCF68}.Debug|x86.Deploy.0 = Debug|Any CPU
		{B7B6E492-34A4-4244-BF56-04113D0FCF68}.Release|Any CPU.ActiveCfg = Release|Any CPU
		{B7B6E492-34A4-4244-BF56-04113D0FCF68}.Release|Any CPU.Build.0 = Release|Any CPU
		{B7B6E492-34A4-4244-BF56-04113D0FCF68}.Release|Any CPU.Deploy.0 = Release|Any CPU
		{B7B6E492-34A4-4244-BF56-04113D0FCF68}.Release|ARM.ActiveCfg = Release|Any CPU
		{B7B6E492-34A4-4244-BF56-04113D0FCF68}.Release|ARM.Build.0 = Release|Any CPU
		{B7B6E492-34A4-4244-BF56-04113D0FCF68}.Release|ARM.Deploy.0 = Release|Any CPU
		{B7B6E492-34A4-4244-BF56-04113D0FCF68}.Release|iPhone.ActiveCfg = Release|Any CPU
		{B7B6E492-34A4-4244-BF56-04113D0FCF68}.Release|iPhone.Build.0 = Release|Any CPU
		{B7B6E492-34A4-4244-BF56-04113D0FCF68}.Release|iPhone.Deploy.0 = Release|Any CPU
		{B7B6E492-34A4-4244-BF56-04113D0FCF68}.Release|iPhoneSimulator.ActiveCfg = Release|Any CPU
		{B7B6E492-34A4-4244-BF56-04113D0FCF68}.Release|iPhoneSimulator.Build.0 = Release|Any CPU
		{B7B6E492-34A4-4244-BF56-04113D0FCF68}.Release|iPhoneSimulator.Deploy.0 = Release|Any CPU
		{B7B6E492-34A4-4244-BF56-04113D0FCF68}.Release|x64.ActiveCfg = Release|Any CPU
		{B7B6E492-34A4-4244-BF56-04113D0FCF68}.Release|x64.Build.0 = Release|Any CPU
		{B7B6E492-34A4-4244-BF56-04113D0FCF68}.Release|x64.Deploy.0 = Release|Any CPU
		{B7B6E492-34A4-4244-BF56-04113D0FCF68}.Release|x86.ActiveCfg = Release|Any CPU
		{B7B6E492-34A4-4244-BF56-04113D0FCF68}.Release|x86.Build.0 = Release|Any CPU
		{B7B6E492-34A4-4244-BF56-04113D0FCF68}.Release|x86.Deploy.0 = Release|Any CPU
		{280C54AB-8228-49A3-B494-9CACE2A52E6E}.Ad-Hoc|Any CPU.ActiveCfg = Ad-Hoc|iPhone
		{280C54AB-8228-49A3-B494-9CACE2A52E6E}.Ad-Hoc|Any CPU.Build.0 = Ad-Hoc|iPhone
		{280C54AB-8228-49A3-B494-9CACE2A52E6E}.Ad-Hoc|Any CPU.Deploy.0 = Ad-Hoc|iPhone
		{280C54AB-8228-49A3-B494-9CACE2A52E6E}.Ad-Hoc|ARM.ActiveCfg = Ad-Hoc|iPhone
		{280C54AB-8228-49A3-B494-9CACE2A52E6E}.Ad-Hoc|ARM.Build.0 = Ad-Hoc|iPhone
		{280C54AB-8228-49A3-B494-9CACE2A52E6E}.Ad-Hoc|ARM.Deploy.0 = Ad-Hoc|iPhone
		{280C54AB-8228-49A3-B494-9CACE2A52E6E}.Ad-Hoc|iPhone.ActiveCfg = Ad-Hoc|iPhone
		{280C54AB-8228-49A3-B494-9CACE2A52E6E}.Ad-Hoc|iPhone.Build.0 = Ad-Hoc|iPhone
		{280C54AB-8228-49A3-B494-9CACE2A52E6E}.Ad-Hoc|iPhone.Deploy.0 = Ad-Hoc|iPhone
		{280C54AB-8228-49A3-B494-9CACE2A52E6E}.Ad-Hoc|iPhoneSimulator.ActiveCfg = Ad-Hoc|iPhoneSimulator
		{280C54AB-8228-49A3-B494-9CACE2A52E6E}.Ad-Hoc|iPhoneSimulator.Build.0 = Ad-Hoc|iPhoneSimulator
		{280C54AB-8228-49A3-B494-9CACE2A52E6E}.Ad-Hoc|iPhoneSimulator.Deploy.0 = Ad-Hoc|iPhoneSimulator
		{280C54AB-8228-49A3-B494-9CACE2A52E6E}.Ad-Hoc|x64.ActiveCfg = Ad-Hoc|iPhone
		{280C54AB-8228-49A3-B494-9CACE2A52E6E}.Ad-Hoc|x64.Build.0 = Ad-Hoc|iPhone
		{280C54AB-8228-49A3-B494-9CACE2A52E6E}.Ad-Hoc|x64.Deploy.0 = Ad-Hoc|iPhone
		{280C54AB-8228-49A3-B494-9CACE2A52E6E}.Ad-Hoc|x86.ActiveCfg = Ad-Hoc|iPhone
		{280C54AB-8228-49A3-B494-9CACE2A52E6E}.Ad-Hoc|x86.Build.0 = Ad-Hoc|iPhone
		{280C54AB-8228-49A3-B494-9CACE2A52E6E}.Ad-Hoc|x86.Deploy.0 = Ad-Hoc|iPhone
		{280C54AB-8228-49A3-B494-9CACE2A52E6E}.AppStore|Any CPU.ActiveCfg = AppStore|iPhone
		{280C54AB-8228-49A3-B494-9CACE2A52E6E}.AppStore|Any CPU.Build.0 = AppStore|iPhone
		{280C54AB-8228-49A3-B494-9CACE2A52E6E}.AppStore|Any CPU.Deploy.0 = AppStore|iPhone
		{280C54AB-8228-49A3-B494-9CACE2A52E6E}.AppStore|ARM.ActiveCfg = AppStore|iPhone
		{280C54AB-8228-49A3-B494-9CACE2A52E6E}.AppStore|ARM.Build.0 = AppStore|iPhone
		{280C54AB-8228-49A3-B494-9CACE2A52E6E}.AppStore|ARM.Deploy.0 = AppStore|iPhone
		{280C54AB-8228-49A3-B494-9CACE2A52E6E}.AppStore|iPhone.ActiveCfg = AppStore|iPhone
		{280C54AB-8228-49A3-B494-9CACE2A52E6E}.AppStore|iPhone.Build.0 = AppStore|iPhone
		{280C54AB-8228-49A3-B494-9CACE2A52E6E}.AppStore|iPhone.Deploy.0 = AppStore|iPhone
		{280C54AB-8228-49A3-B494-9CACE2A52E6E}.AppStore|iPhoneSimulator.ActiveCfg = AppStore|iPhoneSimulator
		{280C54AB-8228-49A3-B494-9CACE2A52E6E}.AppStore|iPhoneSimulator.Build.0 = AppStore|iPhoneSimulator
		{280C54AB-8228-49A3-B494-9CACE2A52E6E}.AppStore|iPhoneSimulator.Deploy.0 = AppStore|iPhoneSimulator
		{280C54AB-8228-49A3-B494-9CACE2A52E6E}.AppStore|x64.ActiveCfg = AppStore|iPhone
		{280C54AB-8228-49A3-B494-9CACE2A52E6E}.AppStore|x64.Build.0 = AppStore|iPhone
		{280C54AB-8228-49A3-B494-9CACE2A52E6E}.AppStore|x64.Deploy.0 = AppStore|iPhone
		{280C54AB-8228-49A3-B494-9CACE2A52E6E}.AppStore|x86.ActiveCfg = AppStore|iPhone
		{280C54AB-8228-49A3-B494-9CACE2A52E6E}.AppStore|x86.Build.0 = AppStore|iPhone
		{280C54AB-8228-49A3-B494-9CACE2A52E6E}.AppStore|x86.Deploy.0 = AppStore|iPhone
		{280C54AB-8228-49A3-B494-9CACE2A52E6E}.Debug|Any CPU.ActiveCfg = Debug|iPhoneSimulator
		{280C54AB-8228-49A3-B494-9CACE2A52E6E}.Debug|Any CPU.Build.0 = Debug|iPhoneSimulator
		{280C54AB-8228-49A3-B494-9CACE2A52E6E}.Debug|Any CPU.Deploy.0 = Debug|iPhoneSimulator
		{280C54AB-8228-49A3-B494-9CACE2A52E6E}.Debug|ARM.ActiveCfg = Debug|iPhone
		{280C54AB-8228-49A3-B494-9CACE2A52E6E}.Debug|ARM.Build.0 = Debug|iPhone
		{280C54AB-8228-49A3-B494-9CACE2A52E6E}.Debug|ARM.Deploy.0 = Debug|iPhone
		{280C54AB-8228-49A3-B494-9CACE2A52E6E}.Debug|iPhone.ActiveCfg = Debug|iPhone
		{280C54AB-8228-49A3-B494-9CACE2A52E6E}.Debug|iPhone.Build.0 = Debug|iPhone
		{280C54AB-8228-49A3-B494-9CACE2A52E6E}.Debug|iPhone.Deploy.0 = Debug|iPhone
		{280C54AB-8228-49A3-B494-9CACE2A52E6E}.Debug|iPhoneSimulator.ActiveCfg = Debug|iPhoneSimulator
		{280C54AB-8228-49A3-B494-9CACE2A52E6E}.Debug|iPhoneSimulator.Build.0 = Debug|iPhoneSimulator
		{280C54AB-8228-49A3-B494-9CACE2A52E6E}.Debug|iPhoneSimulator.Deploy.0 = Debug|iPhoneSimulator
		{280C54AB-8228-49A3-B494-9CACE2A52E6E}.Debug|x64.ActiveCfg = Debug|iPhone
		{280C54AB-8228-49A3-B494-9CACE2A52E6E}.Debug|x64.Build.0 = Debug|iPhone
		{280C54AB-8228-49A3-B494-9CACE2A52E6E}.Debug|x64.Deploy.0 = Debug|iPhone
		{280C54AB-8228-49A3-B494-9CACE2A52E6E}.Debug|x86.ActiveCfg = Debug|iPhone
		{280C54AB-8228-49A3-B494-9CACE2A52E6E}.Debug|x86.Build.0 = Debug|iPhone
		{280C54AB-8228-49A3-B494-9CACE2A52E6E}.Debug|x86.Deploy.0 = Debug|iPhone
		{280C54AB-8228-49A3-B494-9CACE2A52E6E}.Release|Any CPU.ActiveCfg = Release|iPhone
		{280C54AB-8228-49A3-B494-9CACE2A52E6E}.Release|Any CPU.Build.0 = Release|iPhone
		{280C54AB-8228-49A3-B494-9CACE2A52E6E}.Release|Any CPU.Deploy.0 = Release|iPhone
		{280C54AB-8228-49A3-B494-9CACE2A52E6E}.Release|ARM.ActiveCfg = Release|iPhone
		{280C54AB-8228-49A3-B494-9CACE2A52E6E}.Release|ARM.Build.0 = Release|iPhone
		{280C54AB-8228-49A3-B494-9CACE2A52E6E}.Release|ARM.Deploy.0 = Release|iPhone
		{280C54AB-8228-49A3-B494-9CACE2A52E6E}.Release|iPhone.ActiveCfg = Release|iPhone
		{280C54AB-8228-49A3-B494-9CACE2A52E6E}.Release|iPhone.Build.0 = Release|iPhone
		{280C54AB-8228-49A3-B494-9CACE2A52E6E}.Release|iPhone.Deploy.0 = Release|iPhone
		{280C54AB-8228-49A3-B494-9CACE2A52E6E}.Release|iPhoneSimulator.ActiveCfg = Release|iPhoneSimulator
		{280C54AB-8228-49A3-B494-9CACE2A52E6E}.Release|iPhoneSimulator.Build.0 = Release|iPhoneSimulator
		{280C54AB-8228-49A3-B494-9CACE2A52E6E}.Release|iPhoneSimulator.Deploy.0 = Release|iPhoneSimulator
		{280C54AB-8228-49A3-B494-9CACE2A52E6E}.Release|x64.ActiveCfg = Release|iPhone
		{280C54AB-8228-49A3-B494-9CACE2A52E6E}.Release|x64.Build.0 = Release|iPhone
		{280C54AB-8228-49A3-B494-9CACE2A52E6E}.Release|x64.Deploy.0 = Release|iPhone
		{280C54AB-8228-49A3-B494-9CACE2A52E6E}.Release|x86.ActiveCfg = Release|iPhone
		{280C54AB-8228-49A3-B494-9CACE2A52E6E}.Release|x86.Build.0 = Release|iPhone
		{280C54AB-8228-49A3-B494-9CACE2A52E6E}.Release|x86.Deploy.0 = Release|iPhone
		{D3AF9FB8-2C09-4B34-83CB-DE9737D108AA}.Ad-Hoc|Any CPU.ActiveCfg = Release|x86
		{D3AF9FB8-2C09-4B34-83CB-DE9737D108AA}.Ad-Hoc|Any CPU.Build.0 = Release|x86
		{D3AF9FB8-2C09-4B34-83CB-DE9737D108AA}.Ad-Hoc|Any CPU.Deploy.0 = Release|x86
		{D3AF9FB8-2C09-4B34-83CB-DE9737D108AA}.Ad-Hoc|ARM.ActiveCfg = Release|ARM
		{D3AF9FB8-2C09-4B34-83CB-DE9737D108AA}.Ad-Hoc|ARM.Build.0 = Release|ARM
		{D3AF9FB8-2C09-4B34-83CB-DE9737D108AA}.Ad-Hoc|ARM.Deploy.0 = Release|ARM
		{D3AF9FB8-2C09-4B34-83CB-DE9737D108AA}.Ad-Hoc|iPhone.ActiveCfg = Release|x86
		{D3AF9FB8-2C09-4B34-83CB-DE9737D108AA}.Ad-Hoc|iPhone.Build.0 = Release|x86
		{D3AF9FB8-2C09-4B34-83CB-DE9737D108AA}.Ad-Hoc|iPhone.Deploy.0 = Release|x86
		{D3AF9FB8-2C09-4B34-83CB-DE9737D108AA}.Ad-Hoc|iPhoneSimulator.ActiveCfg = Release|x86
		{D3AF9FB8-2C09-4B34-83CB-DE9737D108AA}.Ad-Hoc|iPhoneSimulator.Build.0 = Release|x86
		{D3AF9FB8-2C09-4B34-83CB-DE9737D108AA}.Ad-Hoc|iPhoneSimulator.Deploy.0 = Release|x86
		{D3AF9FB8-2C09-4B34-83CB-DE9737D108AA}.Ad-Hoc|x64.ActiveCfg = Release|x64
		{D3AF9FB8-2C09-4B34-83CB-DE9737D108AA}.Ad-Hoc|x64.Build.0 = Release|x64
		{D3AF9FB8-2C09-4B34-83CB-DE9737D108AA}.Ad-Hoc|x64.Deploy.0 = Release|x64
		{D3AF9FB8-2C09-4B34-83CB-DE9737D108AA}.Ad-Hoc|x86.ActiveCfg = Release|x86
		{D3AF9FB8-2C09-4B34-83CB-DE9737D108AA}.Ad-Hoc|x86.Build.0 = Release|x86
		{D3AF9FB8-2C09-4B34-83CB-DE9737D108AA}.Ad-Hoc|x86.Deploy.0 = Release|x86
		{D3AF9FB8-2C09-4B34-83CB-DE9737D108AA}.AppStore|Any CPU.ActiveCfg = Release|x86
		{D3AF9FB8-2C09-4B34-83CB-DE9737D108AA}.AppStore|Any CPU.Build.0 = Release|x86
		{D3AF9FB8-2C09-4B34-83CB-DE9737D108AA}.AppStore|Any CPU.Deploy.0 = Release|x86
		{D3AF9FB8-2C09-4B34-83CB-DE9737D108AA}.AppStore|ARM.ActiveCfg = Release|ARM
		{D3AF9FB8-2C09-4B34-83CB-DE9737D108AA}.AppStore|ARM.Build.0 = Release|ARM
		{D3AF9FB8-2C09-4B34-83CB-DE9737D108AA}.AppStore|ARM.Deploy.0 = Release|ARM
		{D3AF9FB8-2C09-4B34-83CB-DE9737D108AA}.AppStore|iPhone.ActiveCfg = Release|x86
		{D3AF9FB8-2C09-4B34-83CB-DE9737D108AA}.AppStore|iPhone.Build.0 = Release|x86
		{D3AF9FB8-2C09-4B34-83CB-DE9737D108AA}.AppStore|iPhone.Deploy.0 = Release|x86
		{D3AF9FB8-2C09-4B34-83CB-DE9737D108AA}.AppStore|iPhoneSimulator.ActiveCfg = Release|x86
		{D3AF9FB8-2C09-4B34-83CB-DE9737D108AA}.AppStore|iPhoneSimulator.Build.0 = Release|x86
		{D3AF9FB8-2C09-4B34-83CB-DE9737D108AA}.AppStore|iPhoneSimulator.Deploy.0 = Release|x86
		{D3AF9FB8-2C09-4B34-83CB-DE9737D108AA}.AppStore|x64.ActiveCfg = Release|x64
		{D3AF9FB8-2C09-4B34-83CB-DE9737D108AA}.AppStore|x64.Build.0 = Release|x64
		{D3AF9FB8-2C09-4B34-83CB-DE9737D108AA}.AppStore|x64.Deploy.0 = Release|x64
		{D3AF9FB8-2C09-4B34-83CB-DE9737D108AA}.AppStore|x86.ActiveCfg = Release|x86
		{D3AF9FB8-2C09-4B34-83CB-DE9737D108AA}.AppStore|x86.Build.0 = Release|x86
		{D3AF9FB8-2C09-4B34-83CB-DE9737D108AA}.AppStore|x86.Deploy.0 = Release|x86
		{D3AF9FB8-2C09-4B34-83CB-DE9737D108AA}.Debug|Any CPU.ActiveCfg = Debug|x86
		{D3AF9FB8-2C09-4B34-83CB-DE9737D108AA}.Debug|Any CPU.Build.0 = Debug|x86
		{D3AF9FB8-2C09-4B34-83CB-DE9737D108AA}.Debug|Any CPU.Deploy.0 = Debug|x86
		{D3AF9FB8-2C09-4B34-83CB-DE9737D108AA}.Debug|ARM.ActiveCfg = Debug|ARM
		{D3AF9FB8-2C09-4B34-83CB-DE9737D108AA}.Debug|ARM.Build.0 = Debug|ARM
		{D3AF9FB8-2C09-4B34-83CB-DE9737D108AA}.Debug|ARM.Deploy.0 = Debug|ARM
		{D3AF9FB8-2C09-4B34-83CB-DE9737D108AA}.Debug|iPhone.ActiveCfg = Debug|x86
		{D3AF9FB8-2C09-4B34-83CB-DE9737D108AA}.Debug|iPhone.Build.0 = Debug|x86
		{D3AF9FB8-2C09-4B34-83CB-DE9737D108AA}.Debug|iPhone.Deploy.0 = Debug|x86
		{D3AF9FB8-2C09-4B34-83CB-DE9737D108AA}.Debug|iPhoneSimulator.ActiveCfg = Debug|x86
		{D3AF9FB8-2C09-4B34-83CB-DE9737D108AA}.Debug|iPhoneSimulator.Build.0 = Debug|x86
		{D3AF9FB8-2C09-4B34-83CB-DE9737D108AA}.Debug|iPhoneSimulator.Deploy.0 = Debug|x86
		{D3AF9FB8-2C09-4B34-83CB-DE9737D108AA}.Debug|x64.ActiveCfg = Debug|x64
		{D3AF9FB8-2C09-4B34-83CB-DE9737D108AA}.Debug|x64.Build.0 = Debug|x64
		{D3AF9FB8-2C09-4B34-83CB-DE9737D108AA}.Debug|x64.Deploy.0 = Debug|x64
		{D3AF9FB8-2C09-4B34-83CB-DE9737D108AA}.Debug|x86.ActiveCfg = Debug|x86
		{D3AF9FB8-2C09-4B34-83CB-DE9737D108AA}.Debug|x86.Build.0 = Debug|x86
		{D3AF9FB8-2C09-4B34-83CB-DE9737D108AA}.Debug|x86.Deploy.0 = Debug|x86
		{D3AF9FB8-2C09-4B34-83CB-DE9737D108AA}.Release|Any CPU.ActiveCfg = Release|x86
		{D3AF9FB8-2C09-4B34-83CB-DE9737D108AA}.Release|Any CPU.Build.0 = Release|x86
		{D3AF9FB8-2C09-4B34-83CB-DE9737D108AA}.Release|Any CPU.Deploy.0 = Release|x86
		{D3AF9FB8-2C09-4B34-83CB-DE9737D108AA}.Release|ARM.ActiveCfg = Release|ARM
		{D3AF9FB8-2C09-4B34-83CB-DE9737D108AA}.Release|ARM.Build.0 = Release|ARM
		{D3AF9FB8-2C09-4B34-83CB-DE9737D108AA}.Release|ARM.Deploy.0 = Release|ARM
		{D3AF9FB8-2C09-4B34-83CB-DE9737D108AA}.Release|iPhone.ActiveCfg = Release|x86
		{D3AF9FB8-2C09-4B34-83CB-DE9737D108AA}.Release|iPhone.Build.0 = Release|x86
		{D3AF9FB8-2C09-4B34-83CB-DE9737D108AA}.Release|iPhone.Deploy.0 = Release|x86
		{D3AF9FB8-2C09-4B34-83CB-DE9737D108AA}.Release|iPhoneSimulator.ActiveCfg = Release|x86
		{D3AF9FB8-2C09-4B34-83CB-DE9737D108AA}.Release|iPhoneSimulator.Build.0 = Release|x86
		{D3AF9FB8-2C09-4B34-83CB-DE9737D108AA}.Release|iPhoneSimulator.Deploy.0 = Release|x86
		{D3AF9FB8-2C09-4B34-83CB-DE9737D108AA}.Release|x64.ActiveCfg = Release|x64
		{D3AF9FB8-2C09-4B34-83CB-DE9737D108AA}.Release|x64.Build.0 = Release|x64
		{D3AF9FB8-2C09-4B34-83CB-DE9737D108AA}.Release|x64.Deploy.0 = Release|x64
		{D3AF9FB8-2C09-4B34-83CB-DE9737D108AA}.Release|x86.ActiveCfg = Release|x86
		{D3AF9FB8-2C09-4B34-83CB-DE9737D108AA}.Release|x86.Build.0 = Release|x86
		{D3AF9FB8-2C09-4B34-83CB-DE9737D108AA}.Release|x86.Deploy.0 = Release|x86
		{23D3CF24-51B2-4BBF-B995-CEEBB2C493E1}.Ad-Hoc|Any CPU.ActiveCfg = Debug|Any CPU
		{23D3CF24-51B2-4BBF-B995-CEEBB2C493E1}.Ad-Hoc|Any CPU.Build.0 = Debug|Any CPU
		{23D3CF24-51B2-4BBF-B995-CEEBB2C493E1}.Ad-Hoc|Any CPU.Deploy.0 = Debug|Any CPU
		{23D3CF24-51B2-4BBF-B995-CEEBB2C493E1}.Ad-Hoc|ARM.ActiveCfg = Debug|Any CPU
		{23D3CF24-51B2-4BBF-B995-CEEBB2C493E1}.Ad-Hoc|ARM.Build.0 = Debug|Any CPU
		{23D3CF24-51B2-4BBF-B995-CEEBB2C493E1}.Ad-Hoc|ARM.Deploy.0 = Debug|Any CPU
		{23D3CF24-51B2-4BBF-B995-CEEBB2C493E1}.Ad-Hoc|iPhone.ActiveCfg = Debug|Any CPU
		{23D3CF24-51B2-4BBF-B995-CEEBB2C493E1}.Ad-Hoc|iPhone.Build.0 = Debug|Any CPU
		{23D3CF24-51B2-4BBF-B995-CEEBB2C493E1}.Ad-Hoc|iPhone.Deploy.0 = Debug|Any CPU
		{23D3CF24-51B2-4BBF-B995-CEEBB2C493E1}.Ad-Hoc|iPhoneSimulator.ActiveCfg = Debug|Any CPU
		{23D3CF24-51B2-4BBF-B995-CEEBB2C493E1}.Ad-Hoc|iPhoneSimulator.Build.0 = Debug|Any CPU
		{23D3CF24-51B2-4BBF-B995-CEEBB2C493E1}.Ad-Hoc|iPhoneSimulator.Deploy.0 = Debug|Any CPU
		{23D3CF24-51B2-4BBF-B995-CEEBB2C493E1}.Ad-Hoc|x64.ActiveCfg = Debug|Any CPU
		{23D3CF24-51B2-4BBF-B995-CEEBB2C493E1}.Ad-Hoc|x64.Build.0 = Debug|Any CPU
		{23D3CF24-51B2-4BBF-B995-CEEBB2C493E1}.Ad-Hoc|x64.Deploy.0 = Debug|Any CPU
		{23D3CF24-51B2-4BBF-B995-CEEBB2C493E1}.Ad-Hoc|x86.ActiveCfg = Debug|Any CPU
		{23D3CF24-51B2-4BBF-B995-CEEBB2C493E1}.Ad-Hoc|x86.Build.0 = Debug|Any CPU
		{23D3CF24-51B2-4BBF-B995-CEEBB2C493E1}.Ad-Hoc|x86.Deploy.0 = Debug|Any CPU
		{23D3CF24-51B2-4BBF-B995-CEEBB2C493E1}.AppStore|Any CPU.ActiveCfg = Debug|Any CPU
		{23D3CF24-51B2-4BBF-B995-CEEBB2C493E1}.AppStore|Any CPU.Build.0 = Debug|Any CPU
		{23D3CF24-51B2-4BBF-B995-CEEBB2C493E1}.AppStore|Any CPU.Deploy.0 = Debug|Any CPU
		{23D3CF24-51B2-4BBF-B995-CEEBB2C493E1}.AppStore|ARM.ActiveCfg = Debug|Any CPU
		{23D3CF24-51B2-4BBF-B995-CEEBB2C493E1}.AppStore|ARM.Build.0 = Debug|Any CPU
		{23D3CF24-51B2-4BBF-B995-CEEBB2C493E1}.AppStore|ARM.Deploy.0 = Debug|Any CPU
		{23D3CF24-51B2-4BBF-B995-CEEBB2C493E1}.AppStore|iPhone.ActiveCfg = Debug|Any CPU
		{23D3CF24-51B2-4BBF-B995-CEEBB2C493E1}.AppStore|iPhone.Build.0 = Debug|Any CPU
		{23D3CF24-51B2-4BBF-B995-CEEBB2C493E1}.AppStore|iPhone.Deploy.0 = Debug|Any CPU
		{23D3CF24-51B2-4BBF-B995-CEEBB2C493E1}.AppStore|iPhoneSimulator.ActiveCfg = Debug|Any CPU
		{23D3CF24-51B2-4BBF-B995-CEEBB2C493E1}.AppStore|iPhoneSimulator.Build.0 = Debug|Any CPU
		{23D3CF24-51B2-4BBF-B995-CEEBB2C493E1}.AppStore|iPhoneSimulator.Deploy.0 = Debug|Any CPU
		{23D3CF24-51B2-4BBF-B995-CEEBB2C493E1}.AppStore|x64.ActiveCfg = Debug|Any CPU
		{23D3CF24-51B2-4BBF-B995-CEEBB2C493E1}.AppStore|x64.Build.0 = Debug|Any CPU
		{23D3CF24-51B2-4BBF-B995-CEEBB2C493E1}.AppStore|x64.Deploy.0 = Debug|Any CPU
		{23D3CF24-51B2-4BBF-B995-CEEBB2C493E1}.AppStore|x86.ActiveCfg = Debug|Any CPU
		{23D3CF24-51B2-4BBF-B995-CEEBB2C493E1}.AppStore|x86.Build.0 = Debug|Any CPU
		{23D3CF24-51B2-4BBF-B995-CEEBB2C493E1}.AppStore|x86.Deploy.0 = Debug|Any CPU
		{23D3CF24-51B2-4BBF-B995-CEEBB2C493E1}.Debug|Any CPU.ActiveCfg = Debug|Any CPU
		{23D3CF24-51B2-4BBF-B995-CEEBB2C493E1}.Debug|Any CPU.Build.0 = Debug|Any CPU
		{23D3CF24-51B2-4BBF-B995-CEEBB2C493E1}.Debug|Any CPU.Deploy.0 = Debug|Any CPU
		{23D3CF24-51B2-4BBF-B995-CEEBB2C493E1}.Debug|ARM.ActiveCfg = Debug|Any CPU
		{23D3CF24-51B2-4BBF-B995-CEEBB2C493E1}.Debug|ARM.Build.0 = Debug|Any CPU
		{23D3CF24-51B2-4BBF-B995-CEEBB2C493E1}.Debug|ARM.Deploy.0 = Debug|Any CPU
		{23D3CF24-51B2-4BBF-B995-CEEBB2C493E1}.Debug|iPhone.ActiveCfg = Debug|Any CPU
		{23D3CF24-51B2-4BBF-B995-CEEBB2C493E1}.Debug|iPhone.Build.0 = Debug|Any CPU
		{23D3CF24-51B2-4BBF-B995-CEEBB2C493E1}.Debug|iPhone.Deploy.0 = Debug|Any CPU
		{23D3CF24-51B2-4BBF-B995-CEEBB2C493E1}.Debug|iPhoneSimulator.ActiveCfg = Debug|Any CPU
		{23D3CF24-51B2-4BBF-B995-CEEBB2C493E1}.Debug|iPhoneSimulator.Build.0 = Debug|Any CPU
		{23D3CF24-51B2-4BBF-B995-CEEBB2C493E1}.Debug|iPhoneSimulator.Deploy.0 = Debug|Any CPU
		{23D3CF24-51B2-4BBF-B995-CEEBB2C493E1}.Debug|x64.ActiveCfg = Debug|Any CPU
		{23D3CF24-51B2-4BBF-B995-CEEBB2C493E1}.Debug|x64.Build.0 = Debug|Any CPU
		{23D3CF24-51B2-4BBF-B995-CEEBB2C493E1}.Debug|x64.Deploy.0 = Debug|Any CPU
		{23D3CF24-51B2-4BBF-B995-CEEBB2C493E1}.Debug|x86.ActiveCfg = Debug|Any CPU
		{23D3CF24-51B2-4BBF-B995-CEEBB2C493E1}.Debug|x86.Build.0 = Debug|Any CPU
		{23D3CF24-51B2-4BBF-B995-CEEBB2C493E1}.Debug|x86.Deploy.0 = Debug|Any CPU
		{23D3CF24-51B2-4BBF-B995-CEEBB2C493E1}.Release|Any CPU.ActiveCfg = Release|Any CPU
		{23D3CF24-51B2-4BBF-B995-CEEBB2C493E1}.Release|Any CPU.Build.0 = Release|Any CPU
		{23D3CF24-51B2-4BBF-B995-CEEBB2C493E1}.Release|Any CPU.Deploy.0 = Release|Any CPU
		{23D3CF24-51B2-4BBF-B995-CEEBB2C493E1}.Release|ARM.ActiveCfg = Release|Any CPU
		{23D3CF24-51B2-4BBF-B995-CEEBB2C493E1}.Release|ARM.Build.0 = Release|Any CPU
		{23D3CF24-51B2-4BBF-B995-CEEBB2C493E1}.Release|ARM.Deploy.0 = Release|Any CPU
		{23D3CF24-51B2-4BBF-B995-CEEBB2C493E1}.Release|iPhone.ActiveCfg = Release|Any CPU
		{23D3CF24-51B2-4BBF-B995-CEEBB2C493E1}.Release|iPhone.Build.0 = Release|Any CPU
		{23D3CF24-51B2-4BBF-B995-CEEBB2C493E1}.Release|iPhone.Deploy.0 = Release|Any CPU
		{23D3CF24-51B2-4BBF-B995-CEEBB2C493E1}.Release|iPhoneSimulator.ActiveCfg = Release|Any CPU
		{23D3CF24-51B2-4BBF-B995-CEEBB2C493E1}.Release|iPhoneSimulator.Build.0 = Release|Any CPU
		{23D3CF24-51B2-4BBF-B995-CEEBB2C493E1}.Release|iPhoneSimulator.Deploy.0 = Release|Any CPU
		{23D3CF24-51B2-4BBF-B995-CEEBB2C493E1}.Release|x64.ActiveCfg = Release|Any CPU
		{23D3CF24-51B2-4BBF-B995-CEEBB2C493E1}.Release|x64.Build.0 = Release|Any CPU
		{23D3CF24-51B2-4BBF-B995-CEEBB2C493E1}.Release|x64.Deploy.0 = Release|Any CPU
		{23D3CF24-51B2-4BBF-B995-CEEBB2C493E1}.Release|x86.ActiveCfg = Release|Any CPU
		{23D3CF24-51B2-4BBF-B995-CEEBB2C493E1}.Release|x86.Build.0 = Release|Any CPU
		{23D3CF24-51B2-4BBF-B995-CEEBB2C493E1}.Release|x86.Deploy.0 = Release|Any CPU
	EndGlobalSection
	GlobalSection(SolutionProperties) = preSolution
		HideSolutionNode = FALSE
	EndGlobalSection
	GlobalSection(ExtensibilityGlobals) = postSolution
		SolutionGuid = {8344F94C-0EF8-4E5F-89A1-812905D0CF52}
	EndGlobalSection
EndGlobal
